
Microsoft Visual Studio Solution File, Format Version 12.00
# Visual Studio Version 17
VisualStudioVersion = 17.5.33627.172
MinimumVisualStudioVersion = 10.0.40219.1
Project("{2150E333-8FDC-42A3-9474-1A3956D46DE8}") = "Solution Items", "Solution Items", "{4130D21C-FE8F-4925-93E7-217B4AF1B7D9}"
	ProjectSection(SolutionItems) = preProject
		..\doc\changelog.md = ..\doc\changelog.md
		EntitySchema.nuspec = EntitySchema.nuspec
		FUSE-fx.ModelDescription.nuspec = FUSE-fx.ModelDescription.nuspec
		..\readme.md = ..\readme.md
	EndProjectSection
EndProject
Project("{2150E333-8FDC-42A3-9474-1A3956D46DE8}") = "src", "src", "{EFB5135D-039A-4D92-8FDD-9EA5D070F991}"
EndProject
Project("{D954291E-2A0B-460D-934E-DC6B0785DB48}") = "ModelDescription", "src\ModelDescription\ModelDescription.shproj", "{CF0A161A-99BA-4F01-AF5E-16C6FCBC85AE}"
EndProject
Project("{2150E333-8FDC-42A3-9474-1A3956D46DE8}") = "js", "js", "{431B90E9-4591-4FBD-A87F-52866A67B36D}"
	ProjectSection(SolutionItems) = preProject
		..\js\src\entitySchema.ts = ..\js\src\entitySchema.ts
		..\js\src\fieldSchema.ts = ..\js\src\fieldSchema.ts
		..\js\src\index.ts = ..\js\src\index.ts
		..\js\src\indexSchema.ts = ..\js\src\indexSchema.ts
		..\js\src\KnownValue.ts = ..\js\src\KnownValue.ts
		..\js\src\KnownValueRange.ts = ..\js\src\KnownValueRange.ts
		..\js\package.json = ..\js\package.json
		..\js\src\relationSchema.ts = ..\js\src\relationSchema.ts
		..\js\src\schemaRoot.ts = ..\js\src\schemaRoot.ts
		..\js\src\utils.ts = ..\js\src\utils.ts
	EndProjectSection
EndProject
Project("{9A19103F-16F7-4668-BE54-9A1E7A4F7556}") = "ModelDescription.net6.0", "src\ModelDescription.net6.0\ModelDescription.net6.0.csproj", "{7B5BAEA8-7E79-4A30-B6C1-4DA4831AF970}"
EndProject
Project("{FAE04EC0-301F-11D3-BF4B-00C04F79EFBC}") = "ModelDescription.net48", "src\ModelDescription.net48\ModelDescription.net48.csproj", "{54D19637-3DBA-4D8F-B654-E2F9A58D167C}"
EndProject
Project("{9A19103F-16F7-4668-BE54-9A1E7A4F7556}") = "ModelDescription.net8.0", "src\ModelDescription.net8.0\ModelDescription.net8.0.csproj", "{5D02EFAB-B12F-4BAE-B974-0EB9FE2A9BA8}"
EndProject
Project("{2150E333-8FDC-42A3-9474-1A3956D46DE8}") = "targets", "targets", "{02EA681E-C7D8-13C7-8484-4AC65E1B71E8}"
EndProject
Global
	GlobalSection(SolutionConfigurationPlatforms) = preSolution
		Debug|Any CPU = Debug|Any CPU
		Release|Any CPU = Release|Any CPU
	EndGlobalSection
	GlobalSection(ProjectConfigurationPlatforms) = postSolution
		{7B5BAEA8-7E79-4A30-B6C1-4DA4831AF970}.Debug|Any CPU.ActiveCfg = Debug|Any CPU
		{7B5BAEA8-7E79-4A30-B6C1-4DA4831AF970}.Debug|Any CPU.Build.0 = Debug|Any CPU
		{7B5BAEA8-7E79-4A30-B6C1-4DA4831AF970}.Release|Any CPU.ActiveCfg = Release|Any CPU
		{7B5BAEA8-7E79-4A30-B6C1-4DA4831AF970}.Release|Any CPU.Build.0 = Release|Any CPU
		{54D19637-3DBA-4D8F-B654-E2F9A58D167C}.Debug|Any CPU.ActiveCfg = Debug|Any CPU
		{54D19637-3DBA-4D8F-B654-E2F9A58D167C}.Debug|Any CPU.Build.0 = Debug|Any CPU
		{54D19637-3DBA-4D8F-B654-E2F9A58D167C}.Release|Any CPU.ActiveCfg = Release|Any CPU
		{54D19637-3DBA-4D8F-B654-E2F9A58D167C}.Release|Any CPU.Build.0 = Release|Any CPU
		{5D02EFAB-B12F-4BAE-B974-0EB9FE2A9BA8}.Debug|Any CPU.ActiveCfg = Debug|Any CPU
		{5D02EFAB-B12F-4BAE-B974-0EB9FE2A9BA8}.Debug|Any CPU.Build.0 = Debug|Any CPU
		{5D02EFAB-B12F-4BAE-B974-0EB9FE2A9BA8}.Release|Any CPU.ActiveCfg = Release|Any CPU
		{5D02EFAB-B12F-4BAE-B974-0EB9FE2A9BA8}.Release|Any CPU.Build.0 = Release|Any CPU
	EndGlobalSection
	GlobalSection(SolutionProperties) = preSolution
		HideSolutionNode = FALSE
	EndGlobalSection
	GlobalSection(NestedProjects) = preSolution
		{CF0A161A-99BA-4F01-AF5E-16C6FCBC85AE} = {EFB5135D-039A-4D92-8FDD-9EA5D070F991}
		{431B90E9-4591-4FBD-A87F-52866A67B36D} = {4130D21C-FE8F-4925-93E7-217B4AF1B7D9}
		{7B5BAEA8-7E79-4A30-B6C1-4DA4831AF970} = {02EA681E-C7D8-13C7-8484-4AC65E1B71E8}
		{54D19637-3DBA-4D8F-B654-E2F9A58D167C} = {02EA681E-C7D8-13C7-8484-4AC65E1B71E8}
		{5D02EFAB-B12F-4BAE-B974-0EB9FE2A9BA8} = {02EA681E-C7D8-13C7-8484-4AC65E1B71E8}
		{02EA681E-C7D8-13C7-8484-4AC65E1B71E8} = {EFB5135D-039A-4D92-8FDD-9EA5D070F991}
	EndGlobalSection
	GlobalSection(ExtensibilityGlobals) = postSolution
		SolutionGuid = {D2F37C1D-32F0-4BF2-AAEB-46B9D8C07D23}
	EndGlobalSection
	GlobalSection(SharedMSBuildProjectFiles) = preSolution
		src\ModelDescription\ModelDescription.projitems*{54d19637-3dba-4d8f-b654-e2f9a58d167c}*SharedItemsImports = 4
		src\ModelDescription\ModelDescription.projitems*{5d02efab-b12f-4bae-b974-0eb9fe2a9ba8}*SharedItemsImports = 5
		src\ModelDescription\ModelDescription.projitems*{7b5baea8-7e79-4a30-b6c1-4da4831af970}*SharedItemsImports = 5
		src\ModelDescription\ModelDescription.projitems*{cf0a161a-99ba-4f01-af5e-16c6fcbc85ae}*SharedItemsImports = 13
	EndGlobalSection
EndGlobal
